
Microsoft Visual Studio Solution File, Format Version 12.00
# Visual Studio Version 17
VisualStudioVersion = 17.5.33627.172
MinimumVisualStudioVersion = 10.0.40219.1
Project("{2150E333-8FDC-42A3-9474-1A3956D46DE8}") = "ApiConsume", "ApiConsume", "{E7992E53-DD1E-49BF-8977-CD9A293C7083}"
EndProject
Project("{2150E333-8FDC-42A3-9474-1A3956D46DE8}") = "Frontend", "Frontend", "{CADDBD40-C865-4CC3-AB95-EF4A26A0A762}"
EndProject
Project("{FAE04EC0-301F-11D3-BF4B-00C04F79EFBC}") = "PetsProject.WebApi", "ApiConsume\PetsProject.WebApi\PetsProject.WebApi.csproj", "{F3E74A8C-137C-42FC-9800-7B595483F63D}"
EndProject
Project("{FAE04EC0-301F-11D3-BF4B-00C04F79EFBC}") = "PetsProject.EntityLayer", "ApiConsume\PetsProject.EntityLayer\PetsProject.EntityLayer.csproj", "{D536C5B7-26B6-4702-904D-F9AB4AD1B860}"
EndProject
Project("{FAE04EC0-301F-11D3-BF4B-00C04F79EFBC}") = "PetsProject.DataAccessLayer", "ApiConsume\PetsProject.DataAccessLayer\PetsProject.DataAccessLayer.csproj", "{BD27E03D-77DC-4E15-BE3B-B969C0849985}"
EndProject
Project("{FAE04EC0-301F-11D3-BF4B-00C04F79EFBC}") = "PetsProject.BusinessLayer", "ApiConsume\PetsProject.BusinessLayer\PetsProject.BusinessLayer.csproj", "{5F5D27E0-5383-4080-B5F3-71497641DDFF}"
EndProject
Project("{FAE04EC0-301F-11D3-BF4B-00C04F79EFBC}") = "PetsProject.DtoLayer", "ApiConsume\PetsProject.DtoLayer\PetsProject.DtoLayer.csproj", "{898888E7-4CFB-414E-A6D3-DEA54E97729E}"
EndProject
Project("{FAE04EC0-301F-11D3-BF4B-00C04F79EFBC}") = "PetsProject.WebUI", "Frontend\PetsProject.WebUI\PetsProject.WebUI.csproj", "{C103EEF5-4B1F-4076-8637-2C0026EE317B}"
EndProject
Global
	GlobalSection(SolutionConfigurationPlatforms) = preSolution
		Debug|Any CPU = Debug|Any CPU
		Release|Any CPU = Release|Any CPU
	EndGlobalSection
	GlobalSection(ProjectConfigurationPlatforms) = postSolution
		{F3E74A8C-137C-42FC-9800-7B595483F63D}.Debug|Any CPU.ActiveCfg = Debug|Any CPU
		{F3E74A8C-137C-42FC-9800-7B595483F63D}.Debug|Any CPU.Build.0 = Debug|Any CPU
		{F3E74A8C-137C-42FC-9800-7B595483F63D}.Release|Any CPU.ActiveCfg = Release|Any CPU
		{F3E74A8C-137C-42FC-9800-7B595483F63D}.Release|Any CPU.Build.0 = Release|Any CPU
		{D536C5B7-26B6-4702-904D-F9AB4AD1B860}.Debug|Any CPU.ActiveCfg = Debug|Any CPU
		{D536C5B7-26B6-4702-904D-F9AB4AD1B860}.Debug|Any CPU.Build.0 = Debug|Any CPU
		{D536C5B7-26B6-4702-904D-F9AB4AD1B860}.Release|Any CPU.ActiveCfg = Release|Any CPU
		{D536C5B7-26B6-4702-904D-F9AB4AD1B860}.Release|Any CPU.Build.0 = Release|Any CPU
		{BD27E03D-77DC-4E15-BE3B-B969C0849985}.Debug|Any CPU.ActiveCfg = Debug|Any CPU
		{BD27E03D-77DC-4E15-BE3B-B969C0849985}.Debug|Any CPU.Build.0 = Debug|Any CPU
		{BD27E03D-77DC-4E15-BE3B-B969C0849985}.Release|Any CPU.ActiveCfg = Release|Any CPU
		{BD27E03D-77DC-4E15-BE3B-B969C0849985}.Release|Any CPU.Build.0 = Release|Any CPU
		{5F5D27E0-5383-4080-B5F3-71497641DDFF}.Debug|Any CPU.ActiveCfg = Debug|Any CPU
		{5F5D27E0-5383-4080-B5F3-71497641DDFF}.Debug|Any CPU.Build.0 = Debug|Any CPU
		{5F5D27E0-5383-4080-B5F3-71497641DDFF}.Release|Any CPU.ActiveCfg = Release|Any CPU
		{5F5D27E0-5383-4080-B5F3-71497641DDFF}.Release|Any CPU.Build.0 = Release|Any CPU
		{898888E7-4CFB-414E-A6D3-DEA54E97729E}.Debug|Any CPU.ActiveCfg = Debug|Any CPU
		{898888E7-4CFB-414E-A6D3-DEA54E97729E}.Debug|Any CPU.Build.0 = Debug|Any CPU
		{898888E7-4CFB-414E-A6D3-DEA54E97729E}.Release|Any CPU.ActiveCfg = Release|Any CPU
		{898888E7-4CFB-414E-A6D3-DEA54E97729E}.Release|Any CPU.Build.0 = Release|Any CPU
		{C103EEF5-4B1F-4076-8637-2C0026EE317B}.Debug|Any CPU.ActiveCfg = Debug|Any CPU
		{C103EEF5-4B1F-4076-8637-2C0026EE317B}.Debug|Any CPU.Build.0 = Debug|Any CPU
		{C103EEF5-4B1F-4076-8637-2C0026EE317B}.Release|Any CPU.ActiveCfg = Release|Any CPU
		{C103EEF5-4B1F-4076-8637-2C0026EE317B}.Release|Any CPU.Build.0 = Release|Any CPU
	EndGlobalSection
	GlobalSection(SolutionProperties) = preSolution
		HideSolutionNode = FALSE
	EndGlobalSection
	GlobalSection(NestedProjects) = preSolution
		{F3E74A8C-137C-42FC-9800-7B595483F63D} = {E7992E53-DD1E-49BF-8977-CD9A293C7083}
		{D536C5B7-26B6-4702-904D-F9AB4AD1B860} = {E7992E53-DD1E-49BF-8977-CD9A293C7083}
		{BD27E03D-77DC-4E15-BE3B-B969C0849985} = {E7992E53-DD1E-49BF-8977-CD9A293C7083}
		{5F5D27E0-5383-4080-B5F3-71497641DDFF} = {E7992E53-DD1E-49BF-8977-CD9A293C7083}
		{898888E7-4CFB-414E-A6D3-DEA54E97729E} = {E7992E53-DD1E-49BF-8977-CD9A293C7083}
		{C103EEF5-4B1F-4076-8637-2C0026EE317B} = {CADDBD40-C865-4CC3-AB95-EF4A26A0A762}
	EndGlobalSection
	GlobalSection(ExtensibilityGlobals) = postSolution
		SolutionGuid = {D653EFB2-6765-45FA-BFDC-144C641C2180}
	EndGlobalSection
EndGlobal
